// !$*UTF8*$!
{
	archiveVersion = 1;
	classes = {
	};
	objectVersion = 50;
	objects = {

/* Begin PBXBuildFile section */
		47F6112D951ED7685C429E45 /* Pods_Registration_App_For_User.framework in Frameworks */ = {isa = PBXBuildFile; fileRef = 943A98822975EBCA53057BB8 /* Pods_Registration_App_For_User.framework */; };
		B501C23E22E19BC00065A557 /* SelectCityVC.swift in Sources */ = {isa = PBXBuildFile; fileRef = B501C23D22E19BC00065A557 /* SelectCityVC.swift */; };
		B501C24122E19DAF0065A557 /* CityCell.swift in Sources */ = {isa = PBXBuildFile; fileRef = B501C24022E19DAF0065A557 /* CityCell.swift */; };
		B501C24322E19E9A0065A557 /* CityModel.swift in Sources */ = {isa = PBXBuildFile; fileRef = B501C24222E19E9A0065A557 /* CityModel.swift */; };
		B501EF9922E5AFC200A92979 /* ChooseCoachNameModel.swift in Sources */ = {isa = PBXBuildFile; fileRef = B501EF9822E5AFC200A92979 /* ChooseCoachNameModel.swift */; };
		B501EF9B22E5BB1E00A92979 /* AlocationCell.swift in Sources */ = {isa = PBXBuildFile; fileRef = B501EF9A22E5BB1E00A92979 /* AlocationCell.swift */; };
		B501EF9D22E5C9C700A92979 /* PasswordVC.swift in Sources */ = {isa = PBXBuildFile; fileRef = B501EF9C22E5C9C700A92979 /* PasswordVC.swift */; };
		B501EFA122E5D81B00A92979 /* GoogleService-Info.plist in Resources */ = {isa = PBXBuildFile; fileRef = B501EFA022E5D81B00A92979 /* GoogleService-Info.plist */; };
		B5061F2622E303E0005B92DB /* SelectTag.swift in Sources */ = {isa = PBXBuildFile; fileRef = B5061F2522E303E0005B92DB /* SelectTag.swift */; };
		B5061F2822E30419005B92DB /* UserDetailsVC.swift in Sources */ = {isa = PBXBuildFile; fileRef = B5061F2722E30419005B92DB /* UserDetailsVC.swift */; };
		B5061F2A22E30530005B92DB /* ChooseCoachName.swift in Sources */ = {isa = PBXBuildFile; fileRef = B5061F2922E30530005B92DB /* ChooseCoachName.swift */; };
		B5061F2C22E30563005B92DB /* SingleCoachData.swift in Sources */ = {isa = PBXBuildFile; fileRef = B5061F2B22E30563005B92DB /* SingleCoachData.swift */; };
		B5061F2E22E319C8005B92DB /* TagModel.swift in Sources */ = {isa = PBXBuildFile; fileRef = B5061F2D22E319C8005B92DB /* TagModel.swift */; };
		B5061F3022E334C9005B92DB /* TagCell.swift in Sources */ = {isa = PBXBuildFile; fileRef = B5061F2F22E334C9005B92DB /* TagCell.swift */; };
		B5061F3322E33D5E005B92DB /* Common.swift in Sources */ = {isa = PBXBuildFile; fileRef = B5061F3222E33D5E005B92DB /* Common.swift */; };
		B5FDDFE022E090C0009AF3A6 /* AppDelegate.swift in Sources */ = {isa = PBXBuildFile; fileRef = B5FDDFDF22E090C0009AF3A6 /* AppDelegate.swift */; };
		B5FDDFE222E090C0009AF3A6 /* ViewController.swift in Sources */ = {isa = PBXBuildFile; fileRef = B5FDDFE122E090C0009AF3A6 /* ViewController.swift */; };
		B5FDDFE522E090C0009AF3A6 /* Main.storyboard in Resources */ = {isa = PBXBuildFile; fileRef = B5FDDFE322E090C0009AF3A6 /* Main.storyboard */; };
		B5FDDFE722E090C2009AF3A6 /* Assets.xcassets in Resources */ = {isa = PBXBuildFile; fileRef = B5FDDFE622E090C2009AF3A6 /* Assets.xcassets */; };
		B5FDDFEA22E090C2009AF3A6 /* LaunchScreen.storyboard in Resources */ = {isa = PBXBuildFile; fileRef = B5FDDFE822E090C2009AF3A6 /* LaunchScreen.storyboard */; };
/* End PBXBuildFile section */

/* Begin PBXFileReference section */
		943A98822975EBCA53057BB8 /* Pods_Registration_App_For_User.framework */ = {isa = PBXFileReference; explicitFileType = wrapper.framework; includeInIndex = 0; path = Pods_Registration_App_For_User.framework; sourceTree = BUILT_PRODUCTS_DIR; };
		B05A8E187AB5D1D4D6072369 /* Pods-Registration App For User.release.xcconfig */ = {isa = PBXFileReference; includeInIndex = 1; lastKnownFileType = text.xcconfig; name = "Pods-Registration App For User.release.xcconfig"; path = "Pods/Target Support Files/Pods-Registration App For User/Pods-Registration App For User.release.xcconfig"; sourceTree = "<group>"; };
		B16F4F2EF203AF826EDFB8EB /* Pods-Registration App For User.debug.xcconfig */ = {isa = PBXFileReference; includeInIndex = 1; lastKnownFileType = text.xcconfig; name = "Pods-Registration App For User.debug.xcconfig"; path = "Pods/Target Support Files/Pods-Registration App For User/Pods-Registration App For User.debug.xcconfig"; sourceTree = "<group>"; };
		B501C23D22E19BC00065A557 /* SelectCityVC.swift */ = {isa = PBXFileReference; lastKnownFileType = sourcecode.swift; path = SelectCityVC.swift; sourceTree = "<group>"; };
		B501C24022E19DAF0065A557 /* CityCell.swift */ = {isa = PBXFileReference; lastKnownFileType = sourcecode.swift; path = CityCell.swift; sourceTree = "<group>"; };
		B501C24222E19E9A0065A557 /* CityModel.swift */ = {isa = PBXFileReference; lastKnownFileType = sourcecode.swift; path = CityModel.swift; sourceTree = "<group>"; };
		B501EF9822E5AFC200A92979 /* ChooseCoachNameModel.swift */ = {isa = PBXFileReference; lastKnownFileType = sourcecode.swift; path = ChooseCoachNameModel.swift; sourceTree = "<group>"; };
		B501EF9A22E5BB1E00A92979 /* AlocationCell.swift */ = {isa = PBXFileReference; lastKnownFileType = sourcecode.swift; path = AlocationCell.swift; sourceTree = "<group>"; };
		B501EF9C22E5C9C700A92979 /* PasswordVC.swift */ = {isa = PBXFileReference; lastKnownFileType = sourcecode.swift; path = PasswordVC.swift; sourceTree = "<group>"; };
		B501EFA022E5D81B00A92979 /* GoogleService-Info.plist */ = {isa = PBXFileReference; fileEncoding = 4; lastKnownFileType = text.plist.xml; path = "GoogleService-Info.plist"; sourceTree = "<group>"; };
		B5061F2522E303E0005B92DB /* SelectTag.swift */ = {isa = PBXFileReference; lastKnownFileType = sourcecode.swift; path = SelectTag.swift; sourceTree = "<group>"; };
		B5061F2722E30419005B92DB /* UserDetailsVC.swift */ = {isa = PBXFileReference; lastKnownFileType = sourcecode.swift; path = UserDetailsVC.swift; sourceTree = "<group>"; };
		B5061F2922E30530005B92DB /* ChooseCoachName.swift */ = {isa = PBXFileReference; lastKnownFileType = sourcecode.swift; path = ChooseCoachName.swift; sourceTree = "<group>"; };
		B5061F2B22E30563005B92DB /* SingleCoachData.swift */ = {isa = PBXFileReference; lastKnownFileType = sourcecode.swift; path = SingleCoachData.swift; sourceTree = "<group>"; };
		B5061F2D22E319C8005B92DB /* TagModel.swift */ = {isa = PBXFileReference; lastKnownFileType = sourcecode.swift; path = TagModel.swift; sourceTree = "<group>"; };
		B5061F2F22E334C9005B92DB /* TagCell.swift */ = {isa = PBXFileReference; lastKnownFileType = sourcecode.swift; path = TagCell.swift; sourceTree = "<group>"; };
		B5061F3222E33D5E005B92DB /* Common.swift */ = {isa = PBXFileReference; lastKnownFileType = sourcecode.swift; path = Common.swift; sourceTree = "<group>"; };
		B5FDDFDC22E090C0009AF3A6 /* Registration App For User.app */ = {isa = PBXFileReference; explicitFileType = wrapper.application; includeInIndex = 0; path = "Registration App For User.app"; sourceTree = BUILT_PRODUCTS_DIR; };
		B5FDDFDF22E090C0009AF3A6 /* AppDelegate.swift */ = {isa = PBXFileReference; lastKnownFileType = sourcecode.swift; path = AppDelegate.swift; sourceTree = "<group>"; };
		B5FDDFE122E090C0009AF3A6 /* ViewController.swift */ = {isa = PBXFileReference; lastKnownFileType = sourcecode.swift; path = ViewController.swift; sourceTree = "<group>"; };
		B5FDDFE422E090C0009AF3A6 /* Base */ = {isa = PBXFileReference; lastKnownFileType = file.storyboard; name = Base; path = Base.lproj/Main.storyboard; sourceTree = "<group>"; };
		B5FDDFE622E090C2009AF3A6 /* Assets.xcassets */ = {isa = PBXFileReference; lastKnownFileType = folder.assetcatalog; path = Assets.xcassets; sourceTree = "<group>"; };
		B5FDDFE922E090C2009AF3A6 /* Base */ = {isa = PBXFileReference; lastKnownFileType = file.storyboard; name = Base; path = Base.lproj/LaunchScreen.storyboard; sourceTree = "<group>"; };
		B5FDDFEB22E090C2009AF3A6 /* Info.plist */ = {isa = PBXFileReference; lastKnownFileType = text.plist.xml; path = Info.plist; sourceTree = "<group>"; };
/* End PBXFileReference section */

/* Begin PBXFrameworksBuildPhase section */
		B5FDDFD922E090C0009AF3A6 /* Frameworks */ = {
			isa = PBXFrameworksBuildPhase;
			buildActionMask = 2147483647;
			files = (
				47F6112D951ED7685C429E45 /* Pods_Registration_App_For_User.framework in Frameworks */,
			);
			runOnlyForDeploymentPostprocessing = 0;
		};
/* End PBXFrameworksBuildPhase section */

/* Begin PBXGroup section */
		9716EAA3CC88C067EAEDEBA7 /* Frameworks */ = {
			isa = PBXGroup;
			children = (
				943A98822975EBCA53057BB8 /* Pods_Registration_App_For_User.framework */,
			);
			name = Frameworks;
			sourceTree = "<group>";
		};
		B501C23F22E19C490065A557 /* Cell */ = {
			isa = PBXGroup;
			children = (
				B501C24022E19DAF0065A557 /* CityCell.swift */,
				B5061F2F22E334C9005B92DB /* TagCell.swift */,
				B501EF9A22E5BB1E00A92979 /* AlocationCell.swift */,
			);
			path = Cell;
			sourceTree = "<group>";
		};
		B5061F3122E33D4E005B92DB /* Common */ = {
			isa = PBXGroup;
			children = (
				B5061F3222E33D5E005B92DB /* Common.swift */,
			);
			path = Common;
			sourceTree = "<group>";
		};
		B5FDDFD322E090C0009AF3A6 = {
			isa = PBXGroup;
			children = (
				B5FDDFDE22E090C0009AF3A6 /* Registration App For User */,
				B5FDDFDD22E090C0009AF3A6 /* Products */,
				F2BA512A0272B1A1FB168FBC /* Pods */,
				9716EAA3CC88C067EAEDEBA7 /* Frameworks */,
			);
			sourceTree = "<group>";
		};
		B5FDDFDD22E090C0009AF3A6 /* Products */ = {
			isa = PBXGroup;
			children = (
				B5FDDFDC22E090C0009AF3A6 /* Registration App For User.app */,
			);
			name = Products;
			sourceTree = "<group>";
		};
		B5FDDFDE22E090C0009AF3A6 /* Registration App For User */ = {
			isa = PBXGroup;
			children = (
				B5061F3122E33D4E005B92DB /* Common */,
				B501C23F22E19C490065A557 /* Cell */,
				B5FDDFF322E0B2AA009AF3A6 /* Model */,
				B5FDDFF222E0B294009AF3A6 /* Design */,
				B5FDDFF122E0B28E009AF3A6 /* Controller */,
				B5FDDFDF22E090C0009AF3A6 /* AppDelegate.swift */,
				B5FDDFE122E090C0009AF3A6 /* ViewController.swift */,
				B5FDDFE322E090C0009AF3A6 /* Main.storyboard */,
				B5FDDFE622E090C2009AF3A6 /* Assets.xcassets */,
				B501EFA022E5D81B00A92979 /* GoogleService-Info.plist */,
				B5FDDFE822E090C2009AF3A6 /* LaunchScreen.storyboard */,
				B5FDDFEB22E090C2009AF3A6 /* Info.plist */,
			);
			path = "Registration App For User";
			sourceTree = "<group>";
		};
		B5FDDFF122E0B28E009AF3A6 /* Controller */ = {
			isa = PBXGroup;
			children = (
				B501C23D22E19BC00065A557 /* SelectCityVC.swift */,
				B5061F2522E303E0005B92DB /* SelectTag.swift */,
				B5061F2922E30530005B92DB /* ChooseCoachName.swift */,
				B5061F2722E30419005B92DB /* UserDetailsVC.swift */,
				B5061F2B22E30563005B92DB /* SingleCoachData.swift */,
				B501EF9C22E5C9C700A92979 /* PasswordVC.swift */,
			);
			path = Controller;
			sourceTree = "<group>";
		};
		B5FDDFF222E0B294009AF3A6 /* Design */ = {
			isa = PBXGroup;
			children = (
			);
			name = Design;
			path = Design.temp_caseinsensitive_rename.;
			sourceTree = "<group>";
		};
		B5FDDFF322E0B2AA009AF3A6 /* Model */ = {
			isa = PBXGroup;
			children = (
				B501C24222E19E9A0065A557 /* CityModel.swift */,
				B5061F2D22E319C8005B92DB /* TagModel.swift */,
				B501EF9822E5AFC200A92979 /* ChooseCoachNameModel.swift */,
			);
			path = Model;
			sourceTree = "<group>";
		};
		F2BA512A0272B1A1FB168FBC /* Pods */ = {
			isa = PBXGroup;
			children = (
				B16F4F2EF203AF826EDFB8EB /* Pods-Registration App For User.debug.xcconfig */,
				B05A8E187AB5D1D4D6072369 /* Pods-Registration App For User.release.xcconfig */,
			);
			name = Pods;
			sourceTree = "<group>";
		};
/* End PBXGroup section */

/* Begin PBXNativeTarget section */
		B5FDDFDB22E090C0009AF3A6 /* Registration App For User */ = {
			isa = PBXNativeTarget;
			buildConfigurationList = B5FDDFEE22E090C2009AF3A6 /* Build configuration list for PBXNativeTarget "Registration App For User" */;
			buildPhases = (
				E494B40FA31554141E38AD45 /* [CP] Check Pods Manifest.lock */,
				B5FDDFD822E090C0009AF3A6 /* Sources */,
				B5FDDFD922E090C0009AF3A6 /* Frameworks */,
				B5FDDFDA22E090C0009AF3A6 /* Resources */,
				AC6F0EDEADB992FD29769DDF /* [CP] Embed Pods Frameworks */,
			);
			buildRules = (
			);
			dependencies = (
			);
			name = "Registration App For User";
			productName = "Registration App For User";
			productReference = B5FDDFDC22E090C0009AF3A6 /* Registration App For User.app */;
			productType = "com.apple.product-type.application";
		};
/* End PBXNativeTarget section */

/* Begin PBXProject section */
		B5FDDFD422E090C0009AF3A6 /* Project object */ = {
			isa = PBXProject;
			attributes = {
				LastSwiftUpdateCheck = 1020;
				LastUpgradeCheck = 1020;
				ORGANIZATIONNAME = "Mahesh Prasad";
				TargetAttributes = {
					B5FDDFDB22E090C0009AF3A6 = {
						CreatedOnToolsVersion = 10.2.1;
					};
				};
			};
			buildConfigurationList = B5FDDFD722E090C0009AF3A6 /* Build configuration list for PBXProject "Registration App For User" */;
			compatibilityVersion = "Xcode 9.3";
			developmentRegion = en;
			hasScannedForEncodings = 0;
			knownRegions = (
				en,
				Base,
			);
			mainGroup = B5FDDFD322E090C0009AF3A6;
			productRefGroup = B5FDDFDD22E090C0009AF3A6 /* Products */;
			projectDirPath = "";
			projectRoot = "";
			targets = (
				B5FDDFDB22E090C0009AF3A6 /* Registration App For User */,
			);
		};
/* End PBXProject section */

/* Begin PBXResourcesBuildPhase section */
		B5FDDFDA22E090C0009AF3A6 /* Resources */ = {
			isa = PBXResourcesBuildPhase;
			buildActionMask = 2147483647;
			files = (
				B5FDDFEA22E090C2009AF3A6 /* LaunchScreen.storyboard in Resources */,
				B501EFA122E5D81B00A92979 /* GoogleService-Info.plist in Resources */,
				B5FDDFE722E090C2009AF3A6 /* Assets.xcassets in Resources */,
				B5FDDFE522E090C0009AF3A6 /* Main.storyboard in Resources */,
			);
			runOnlyForDeploymentPostprocessing = 0;
		};
/* End PBXResourcesBuildPhase section */

/* Begin PBXShellScriptBuildPhase section */
		AC6F0EDEADB992FD29769DDF /* [CP] Embed Pods Frameworks */ = {
			isa = PBXShellScriptBuildPhase;
			buildActionMask = 2147483647;
			files = (
			);
			inputPaths = (
				"${SRCROOT}/Pods/Target Support Files/Pods-Registration App For User/Pods-Registration App For User-frameworks.sh",
				"${BUILT_PRODUCTS_DIR}/Alamofire/Alamofire.framework",
				"${BUILT_PRODUCTS_DIR}/GoogleUtilities/GoogleUtilities.framework",
				"${BUILT_PRODUCTS_DIR}/Kingfisher/Kingfisher.framework",
				"${BUILT_PRODUCTS_DIR}/SwiftyJSON/SwiftyJSON.framework",
				"${BUILT_PRODUCTS_DIR}/leveldb-library/leveldb.framework",
				"${BUILT_PRODUCTS_DIR}/nanopb/nanopb.framework",
			);
			name = "[CP] Embed Pods Frameworks";
			outputPaths = (
				"${TARGET_BUILD_DIR}/${FRAMEWORKS_FOLDER_PATH}/Alamofire.framework",
				"${TARGET_BUILD_DIR}/${FRAMEWORKS_FOLDER_PATH}/GoogleUtilities.framework",
				"${TARGET_BUILD_DIR}/${FRAMEWORKS_FOLDER_PATH}/Kingfisher.framework",
				"${TARGET_BUILD_DIR}/${FRAMEWORKS_FOLDER_PATH}/SwiftyJSON.framework",
				"${TARGET_BUILD_DIR}/${FRAMEWORKS_FOLDER_PATH}/leveldb.framework",
				"${TARGET_BUILD_DIR}/${FRAMEWORKS_FOLDER_PATH}/nanopb.framework",
			);
			runOnlyForDeploymentPostprocessing = 0;
			shellPath = /bin/sh;
			shellScript = "\"${SRCROOT}/Pods/Target Support Files/Pods-Registration App For User/Pods-Registration App For User-frameworks.sh\"\n";
			showEnvVarsInLog = 0;
		};
		E494B40FA31554141E38AD45 /* [CP] Check Pods Manifest.lock */ = {
			isa = PBXShellScriptBuildPhase;
			buildActionMask = 2147483647;
			files = (
			);
			inputPaths = (
				"${PODS_PODFILE_DIR_PATH}/Podfile.lock",
				"${PODS_ROOT}/Manifest.lock",
			);
			name = "[CP] Check Pods Manifest.lock";
			outputPaths = (
				"$(DERIVED_FILE_DIR)/Pods-Registration App For User-checkManifestLockResult.txt",
			);
			runOnlyForDeploymentPostprocessing = 0;
			shellPath = /bin/sh;
			shellScript = "diff \"${PODS_PODFILE_DIR_PATH}/Podfile.lock\" \"${PODS_ROOT}/Manifest.lock\" > /dev/null\nif [ $? != 0 ] ; then\n    # print error to STDERR\n    echo \"error: The sandbox is not in sync with the Podfile.lock. Run 'pod install' or update your CocoaPods installation.\" >&2\n    exit 1\nfi\n# This output is used by Xcode 'outputs' to avoid re-running this script phase.\necho \"SUCCESS\" > \"${SCRIPT_OUTPUT_FILE_0}\"\n";
			showEnvVarsInLog = 0;
		};
/* End PBXShellScriptBuildPhase section */

/* Begin PBXSourcesBuildPhase section */
		B5FDDFD822E090C0009AF3A6 /* Sources */ = {
			isa = PBXSourcesBuildPhase;
			buildActionMask = 2147483647;
			files = (
				B5061F3022E334C9005B92DB /* TagCell.swift in Sources */,
				B501EF9D22E5C9C700A92979 /* PasswordVC.swift in Sources */,
				B5061F2A22E30530005B92DB /* ChooseCoachName.swift in Sources */,
				B501EF9922E5AFC200A92979 /* ChooseCoachNameModel.swift in Sources */,
				B501C24322E19E9A0065A557 /* CityModel.swift in Sources */,
				B5061F2E22E319C8005B92DB /* TagModel.swift in Sources */,
				B5061F3322E33D5E005B92DB /* Common.swift in Sources */,
				B501C23E22E19BC00065A557 /* SelectCityVC.swift in Sources */,
				B5061F2622E303E0005B92DB /* SelectTag.swift in Sources */,
				B5FDDFE222E090C0009AF3A6 /* ViewController.swift in Sources */,
				B5061F2C22E30563005B92DB /* SingleCoachData.swift in Sources */,
				B501EF9B22E5BB1E00A92979 /* AlocationCell.swift in Sources */,
				B501C24122E19DAF0065A557 /* CityCell.swift in Sources */,
				B5061F2822E30419005B92DB /* UserDetailsVC.swift in Sources */,
				B5FDDFE022E090C0009AF3A6 /* AppDelegate.swift in Sources */,
			);
			runOnlyForDeploymentPostprocessing = 0;
		};
/* End PBXSourcesBuildPhase section */

/* Begin PBXVariantGroup section */
		B5FDDFE322E090C0009AF3A6 /* Main.storyboard */ = {
			isa = PBXVariantGroup;
			children = (
				B5FDDFE422E090C0009AF3A6 /* Base */,
			);
			name = Main.storyboard;
			sourceTree = "<group>";
		};
		B5FDDFE822E090C2009AF3A6 /* LaunchScreen.storyboard */ = {
			isa = PBXVariantGroup;
			children = (
				B5FDDFE922E090C2009AF3A6 /* Base */,
			);
			name = LaunchScreen.storyboard;
			sourceTree = "<group>";
		};
/* End PBXVariantGroup section */

/* Begin XCBuildConfiguration section */
		B5FDDFEC22E090C2009AF3A6 /* Debug */ = {
			isa = XCBuildConfiguration;
			buildSettings = {
				ALWAYS_SEARCH_USER_PATHS = NO;
				CLANG_ANALYZER_NONNULL = YES;
				CLANG_ANALYZER_NUMBER_OBJECT_CONVERSION = YES_AGGRESSIVE;
				CLANG_CXX_LANGUAGE_STANDARD = "gnu++14";
				CLANG_CXX_LIBRARY = "libc++";
				CLANG_ENABLE_MODULES = YES;
				CLANG_ENABLE_OBJC_ARC = YES;
				CLANG_ENABLE_OBJC_WEAK = YES;
				CLANG_WARN_BLOCK_CAPTURE_AUTORELEASING = YES;
				CLANG_WARN_BOOL_CONVERSION = YES;
				CLANG_WARN_COMMA = YES;
				CLANG_WARN_CONSTANT_CONVERSION = YES;
				CLANG_WARN_DEPRECATED_OBJC_IMPLEMENTATIONS = YES;
				CLANG_WARN_DIRECT_OBJC_ISA_USAGE = YES_ERROR;
				CLANG_WARN_DOCUMENTATION_COMMENTS = YES;
				CLANG_WARN_EMPTY_BODY = YES;
				CLANG_WARN_ENUM_CONVERSION = YES;
				CLANG_WARN_INFINITE_RECURSION = YES;
				CLANG_WARN_INT_CONVERSION = YES;
				CLANG_WARN_NON_LITERAL_NULL_CONVERSION = YES;
				CLANG_WARN_OBJC_IMPLICIT_RETAIN_SELF = YES;
				CLANG_WARN_OBJC_LITERAL_CONVERSION = YES;
				CLANG_WARN_OBJC_ROOT_CLASS = YES_ERROR;
				CLANG_WARN_RANGE_LOOP_ANALYSIS = YES;
				CLANG_WARN_STRICT_PROTOTYPES = YES;
				CLANG_WARN_SUSPICIOUS_MOVE = YES;
				CLANG_WARN_UNGUARDED_AVAILABILITY = YES_AGGRESSIVE;
				CLANG_WARN_UNREACHABLE_CODE = YES;
				CLANG_WARN__DUPLICATE_METHOD_MATCH = YES;
				CODE_SIGN_IDENTITY = "iPhone Developer";
				COPY_PHASE_STRIP = NO;
				DEBUG_INFORMATION_FORMAT = dwarf;
				ENABLE_STRICT_OBJC_MSGSEND = YES;
				ENABLE_TESTABILITY = YES;
				GCC_C_LANGUAGE_STANDARD = gnu11;
				GCC_DYNAMIC_NO_PIC = NO;
				GCC_NO_COMMON_BLOCKS = YES;
				GCC_OPTIMIZATION_LEVEL = 0;
				GCC_PREPROCESSOR_DEFINITIONS = (
					"DEBUG=1",
					"$(inherited)",
				);
				GCC_WARN_64_TO_32_BIT_CONVERSION = YES;
				GCC_WARN_ABOUT_RETURN_TYPE = YES_ERROR;
				GCC_WARN_UNDECLARED_SELECTOR = YES;
				GCC_WARN_UNINITIALIZED_AUTOS = YES_AGGRESSIVE;
				GCC_WARN_UNUSED_FUNCTION = YES;
				GCC_WARN_UNUSED_VARIABLE = YES;
				IPHONEOS_DEPLOYMENT_TARGET = 12.2;
				MTL_ENABLE_DEBUG_INFO = INCLUDE_SOURCE;
				MTL_FAST_MATH = YES;
				ONLY_ACTIVE_ARCH = YES;
				SDKROOT = iphoneos;
				SWIFT_ACTIVE_COMPILATION_CONDITIONS = DEBUG;
				SWIFT_OPTIMIZATION_LEVEL = "-Onone";
			};
			name = Debug;
		};
		B5FDDFED22E090C2009AF3A6 /* Release */ = {
			isa = XCBuildConfiguration;
			buildSettings = {
				ALWAYS_SEARCH_USER_PATHS = NO;
				CLANG_ANALYZER_NONNULL = YES;
				CLANG_ANALYZER_NUMBER_OBJECT_CONVERSION = YES_AGGRESSIVE;
				CLANG_CXX_LANGUAGE_STANDARD = "gnu++14";
				CLANG_CXX_LIBRARY = "libc++";
				CLANG_ENABLE_MODULES = YES;
				CLANG_ENABLE_OBJC_ARC = YES;
				CLANG_ENABLE_OBJC_WEAK = YES;
				CLANG_WARN_BLOCK_CAPTURE_AUTORELEASING = YES;
				CLANG_WARN_BOOL_CONVERSION = YES;
				CLANG_WARN_COMMA = YES;
				CLANG_WARN_CONSTANT_CONVERSION = YES;
				CLANG_WARN_DEPRECATED_OBJC_IMPLEMENTATIONS = YES;
				CLANG_WARN_DIRECT_OBJC_ISA_USAGE = YES_ERROR;
				CLANG_WARN_DOCUMENTATION_COMMENTS = YES;
				CLANG_WARN_EMPTY_BODY = YES;
				CLANG_WARN_ENUM_CONVERSION = YES;
				CLANG_WARN_INFINITE_RECURSION = YES;
				CLANG_WARN_INT_CONVERSION = YES;
				CLANG_WARN_NON_LITERAL_NULL_CONVERSION = YES;
				CLANG_WARN_OBJC_IMPLICIT_RETAIN_SELF = YES;
				CLANG_WARN_OBJC_LITERAL_CONVERSION = YES;
				CLANG_WARN_OBJC_ROOT_CLASS = YES_ERROR;
				CLANG_WARN_RANGE_LOOP_ANALYSIS = YES;
				CLANG_WARN_STRICT_PROTOTYPES = YES;
				CLANG_WARN_SUSPICIOUS_MOVE = YES;
				CLANG_WARN_UNGUARDED_AVAILABILITY = YES_AGGRESSIVE;
				CLANG_WARN_UNREACHABLE_CODE = YES;
				CLANG_WARN__DUPLICATE_METHOD_MATCH = YES;
				CODE_SIGN_IDENTITY = "iPhone Developer";
				COPY_PHASE_STRIP = NO;
				DEBUG_INFORMATION_FORMAT = "dwarf-with-dsym";
				ENABLE_NS_ASSERTIONS = NO;
				ENABLE_STRICT_OBJC_MSGSEND = YES;
				GCC_C_LANGUAGE_STANDARD = gnu11;
				GCC_NO_COMMON_BLOCKS = YES;
				GCC_WARN_64_TO_32_BIT_CONVERSION = YES;
				GCC_WARN_ABOUT_RETURN_TYPE = YES_ERROR;
				GCC_WARN_UNDECLARED_SELECTOR = YES;
				GCC_WARN_UNINITIALIZED_AUTOS = YES_AGGRESSIVE;
				GCC_WARN_UNUSED_FUNCTION = YES;
				GCC_WARN_UNUSED_VARIABLE = YES;
				IPHONEOS_DEPLOYMENT_TARGET = 12.2;
				MTL_ENABLE_DEBUG_INFO = NO;
				MTL_FAST_MATH = YES;
				SDKROOT = iphoneos;
				SWIFT_COMPILATION_MODE = wholemodule;
				SWIFT_OPTIMIZATION_LEVEL = "-O";
				VALIDATE_PRODUCT = YES;
			};
			name = Release;
		};
		B5FDDFEF22E090C2009AF3A6 /* Debug */ = {
			isa = XCBuildConfiguration;
			baseConfigurationReference = B16F4F2EF203AF826EDFB8EB /* Pods-Registration App For User.debug.xcconfig */;
			buildSettings = {
				ASSETCATALOG_COMPILER_APPICON_NAME = AppIcon;
				CODE_SIGN_STYLE = Automatic;
				DEVELOPMENT_TEAM = QZT2278CHH;
				INFOPLIST_FILE = "Registration App For User/Info.plist";
				LD_RUNPATH_SEARCH_PATHS = (
					"$(inherited)",
					"@executable_path/Frameworks",
				);
				PRODUCT_BUNDLE_IDENTIFIER = "com.createapps.Registration-App-For-User";
				PRODUCT_NAME = "$(TARGET_NAME)";
				SWIFT_VERSION = 5.0;
				TARGETED_DEVICE_FAMILY = "1,2";
			};
			name = Debug;
		};
		B5FDDFF022E090C2009AF3A6 /* Release */ = {
			isa = XCBuildConfiguration;
			baseConfigurationReference = B05A8E187AB5D1D4D6072369 /* Pods-Registration App For User.release.xcconfig */;
			buildSettings = {
				ASSETCATALOG_COMPILER_APPICON_NAME = AppIcon;
				CODE_SIGN_STYLE = Automatic;
				DEVELOPMENT_TEAM = QZT2278CHH;
				INFOPLIST_FILE = "Registration App For User/Info.plist";
				LD_RUNPATH_SEARCH_PATHS = (
					"$(inherited)",
					"@executable_path/Frameworks",
				);
				PRODUCT_BUNDLE_IDENTIFIER = "com.createapps.Registration-App-For-User";
				PRODUCT_NAME = "$(TARGET_NAME)";
				SWIFT_VERSION = 5.0;
				TARGETED_DEVICE_FAMILY = "1,2";
			};
			name = Release;
		};
/* End XCBuildConfiguration section */

/* Begin XCConfigurationList section */
		B5FDDFD722E090C0009AF3A6 /* Build configuration list for PBXProject "Registration App For User" */ = {
			isa = XCConfigurationList;
			buildConfigurations = (
				B5FDDFEC22E090C2009AF3A6 /* Debug */,
				B5FDDFED22E090C2009AF3A6 /* Release */,
			);
			defaultConfigurationIsVisible = 0;
			defaultConfigurationName = Release;
		};
		B5FDDFEE22E090C2009AF3A6 /* Build configuration list for PBXNativeTarget "Registration App For User" */ = {
			isa = XCConfigurationList;
			buildConfigurations = (
				B5FDDFEF22E090C2009AF3A6 /* Debug */,
				B5FDDFF022E090C2009AF3A6 /* Release */,
			);
			defaultConfigurationIsVisible = 0;
			defaultConfigurationName = Release;
		};
/* End XCConfigurationList section */
	};
	rootObject = B5FDDFD422E090C0009AF3A6 /* Project object */;
}
